// !$*UTF8*$!
{
	archiveVersion = 1;
	classes = {
	};
	objectVersion = 46;
	objects = {

/* Begin PBXBuildFile section */
		A91BDF351810C7F900F4907D /* ot-icon-58.png in Resources */ = {isa = PBXBuildFile; fileRef = A91BDF321810C7F900F4907D /* ot-icon-58.png */; };
		A91BDF361810C7F900F4907D /* ot-icon-80.png in Resources */ = {isa = PBXBuildFile; fileRef = A91BDF331810C7F900F4907D /* ot-icon-80.png */; };
		A91BDF371810C7F900F4907D /* ot-icon-120.png in Resources */ = {isa = PBXBuildFile; fileRef = A91BDF341810C7F900F4907D /* ot-icon-120.png */; };
		A91BDF3A1810C83B00F4907D /* Default-568h@2x.png in Resources */ = {isa = PBXBuildFile; fileRef = A91BDF381810C83B00F4907D /* Default-568h@2x.png */; };
		A91BDF3B1810C83B00F4907D /* Default@2x.png in Resources */ = {isa = PBXBuildFile; fileRef = A91BDF391810C83B00F4907D /* Default@2x.png */; };
		A91BDF3E1810D9D100F4907D /* house-light-no.jpg in Resources */ = {isa = PBXBuildFile; fileRef = A91BDF3C1810D9D100F4907D /* house-light-no.jpg */; };
		A91BDF3F1810D9D100F4907D /* house-light-yes.jpg in Resources */ = {isa = PBXBuildFile; fileRef = A91BDF3D1810D9D100F4907D /* house-light-yes.jpg */; };
		A92BC32C17C9013700A7016A /* OtSideMenuViewCtrl.m in Sources */ = {isa = PBXBuildFile; fileRef = A92BC32B17C9013700A7016A /* OtSideMenuViewCtrl.m */; };
		A92BC33717C9287F00A7016A /* ot-settings-icon.png in Resources */ = {isa = PBXBuildFile; fileRef = A92BC33517C9287F00A7016A /* ot-settings-icon.png */; };
		A92BC33817C9287F00A7016A /* ot-settings-icon@2x.png in Resources */ = {isa = PBXBuildFile; fileRef = A92BC33617C9287F00A7016A /* ot-settings-icon@2x.png */; };
		A92BC33B17C9291F00A7016A /* ot-outage-icon.png in Resources */ = {isa = PBXBuildFile; fileRef = A92BC33917C9291E00A7016A /* ot-outage-icon.png */; };
		A92BC33C17C9291F00A7016A /* ot-outage-icon@2x.png in Resources */ = {isa = PBXBuildFile; fileRef = A92BC33A17C9291E00A7016A /* ot-outage-icon@2x.png */; };
		A92BC33F17C92CE900A7016A /* ot-about-icon.png in Resources */ = {isa = PBXBuildFile; fileRef = A92BC33D17C92CE800A7016A /* ot-about-icon.png */; };
		A92BC34017C92CE900A7016A /* ot-about-icon@2x.png in Resources */ = {isa = PBXBuildFile; fileRef = A92BC33E17C92CE900A7016A /* ot-about-icon@2x.png */; };
		A92BC34317C9319300A7016A /* ot-feedback-icon.png in Resources */ = {isa = PBXBuildFile; fileRef = A92BC34117C9319300A7016A /* ot-feedback-icon.png */; };
		A92BC34417C9319300A7016A /* ot-feedback-icon@2x.png in Resources */ = {isa = PBXBuildFile; fileRef = A92BC34217C9319300A7016A /* ot-feedback-icon@2x.png */; };
		A92BC34717C932D300A7016A /* ot-menu-icon.png in Resources */ = {isa = PBXBuildFile; fileRef = A92BC34517C932D300A7016A /* ot-menu-icon.png */; };
		A92BC34817C932D300A7016A /* ot-menu-icon@2x.png in Resources */ = {isa = PBXBuildFile; fileRef = A92BC34617C932D300A7016A /* ot-menu-icon@2x.png */; };
		A92BC34B17C93B8200A7016A /* OtSideMenuViewCell.m in Sources */ = {isa = PBXBuildFile; fileRef = A92BC34A17C93B8100A7016A /* OtSideMenuViewCell.m */; };
		A93D2A4817B81DC900B23A2E /* ot-bill-example.png in Resources */ = {isa = PBXBuildFile; fileRef = A93D2A4417B81DC900B23A2E /* ot-bill-example.png */; };
		A9487B3F17A48036007246E7 /* OtSettingsViewCtrl.m in Sources */ = {isa = PBXBuildFile; fileRef = A9487B3E17A48036007246E7 /* OtSettingsViewCtrl.m */; };
		A968C1A517CD195200723AA3 /* OtAboutViewController.m in Sources */ = {isa = PBXBuildFile; fileRef = A968C1A417CD195200723AA3 /* OtAboutViewController.m */; };
		A968C1AE17CD30E800723AA3 /* OtClaimDisturbanceViewCtrl.m in Sources */ = {isa = PBXBuildFile; fileRef = A968C1AD17CD30E800723AA3 /* OtClaimDisturbanceViewCtrl.m */; };
		A9A43ED117CD5482006CF400 /* OtLanguageViewCtrl.m in Sources */ = {isa = PBXBuildFile; fileRef = A9A43ED017CD5482006CF400 /* OtLanguageViewCtrl.m */; };
		A9A95CD317B5D898005F557D /* MobileCoreServices.framework in Frameworks */ = {isa = PBXBuildFile; fileRef = A9A95CD217B5D898005F557D /* MobileCoreServices.framework */; };
		A9A95CD517B5D8A7005F557D /* SystemConfiguration.framework in Frameworks */ = {isa = PBXBuildFile; fileRef = A9A95CD417B5D8A7005F557D /* SystemConfiguration.framework */; };
		A9A95CD717B5D921005F557D /* Security.framework in Frameworks */ = {isa = PBXBuildFile; fileRef = A9A95CD617B5D921005F557D /* Security.framework */; };
		A9ABE81B17D5090200C33EA8 /* File.strings in Resources */ = {isa = PBXBuildFile; fileRef = A9ABE81A17D5090200C33EA8 /* File.strings */; };
		A9ABE82017D5102500C33EA8 /* Localizable.strings in Resources */ = {isa = PBXBuildFile; fileRef = A9ABE82217D5102500C33EA8 /* Localizable.strings */; };
		A9ABE84717D5112C00C33EA8 /* AFHTTPClient.m in Sources */ = {isa = PBXBuildFile; fileRef = A9ABE82717D5112C00C33EA8 /* AFHTTPClient.m */; };
		A9ABE84817D5112C00C33EA8 /* AFHTTPRequestOperation.m in Sources */ = {isa = PBXBuildFile; fileRef = A9ABE82917D5112C00C33EA8 /* AFHTTPRequestOperation.m */; };
		A9ABE84917D5112C00C33EA8 /* AFImageRequestOperation.m in Sources */ = {isa = PBXBuildFile; fileRef = A9ABE82B17D5112C00C33EA8 /* AFImageRequestOperation.m */; };
		A9ABE84A17D5112C00C33EA8 /* AFJSONRequestOperation.m in Sources */ = {isa = PBXBuildFile; fileRef = A9ABE82D17D5112C00C33EA8 /* AFJSONRequestOperation.m */; };
		A9ABE84B17D5112C00C33EA8 /* AFNetworkActivityIndicatorManager.m in Sources */ = {isa = PBXBuildFile; fileRef = A9ABE82F17D5112C00C33EA8 /* AFNetworkActivityIndicatorManager.m */; };
		A9ABE84C17D5112C00C33EA8 /* AFPropertyListRequestOperation.m in Sources */ = {isa = PBXBuildFile; fileRef = A9ABE83217D5112C00C33EA8 /* AFPropertyListRequestOperation.m */; };
		A9ABE84D17D5112C00C33EA8 /* AFURLConnectionOperation.m in Sources */ = {isa = PBXBuildFile; fileRef = A9ABE83417D5112C00C33EA8 /* AFURLConnectionOperation.m */; };
		A9ABE84E17D5112C00C33EA8 /* AFXMLRequestOperation.m in Sources */ = {isa = PBXBuildFile; fileRef = A9ABE83617D5112C00C33EA8 /* AFXMLRequestOperation.m */; };
		A9ABE84F17D5112C00C33EA8 /* UIImageView+AFNetworking.m in Sources */ = {isa = PBXBuildFile; fileRef = A9ABE83817D5112C00C33EA8 /* UIImageView+AFNetworking.m */; };
		A9ABE85017D5112C00C33EA8 /* LocalizationSystem.m in Sources */ = {isa = PBXBuildFile; fileRef = A9ABE83B17D5112C00C33EA8 /* LocalizationSystem.m */; };
		A9ABE85117D5112C00C33EA8 /* MBProgressHUD.m in Sources */ = {isa = PBXBuildFile; fileRef = A9ABE83E17D5112C00C33EA8 /* MBProgressHUD.m */; };
		A9ABE85217D5112C00C33EA8 /* MFSideMenuContainerViewController.m in Sources */ = {isa = PBXBuildFile; fileRef = A9ABE84217D5112C00C33EA8 /* MFSideMenuContainerViewController.m */; };
		A9ABE85317D5112C00C33EA8 /* MFSideMenuShadow.m in Sources */ = {isa = PBXBuildFile; fileRef = A9ABE84417D5112C00C33EA8 /* MFSideMenuShadow.m */; };
		A9ABE85417D5112C00C33EA8 /* UIViewController+MFSideMenuAdditions.m in Sources */ = {isa = PBXBuildFile; fileRef = A9ABE84617D5112C00C33EA8 /* UIViewController+MFSideMenuAdditions.m */; };
		A9ABE85B17D51FEB00C33EA8 /* MainStoryboard.storyboard in Resources */ = {isa = PBXBuildFile; fileRef = A9ABE85A17D51FEB00C33EA8 /* MainStoryboard.storyboard */; };
		A9BE91F717C7E5CB00D1517D /* QuartzCore.framework in Frameworks */ = {isa = PBXBuildFile; fileRef = A9BE91F617C7E5CB00D1517D /* QuartzCore.framework */; };
		A9D817F817B6A4CF00D34EFE /* OtWelcomeViewCtrl.m in Sources */ = {isa = PBXBuildFile; fileRef = A9D817F717B6A4CF00D34EFE /* OtWelcomeViewCtrl.m */; };
		A9F5D217179B36590018FB60 /* UIKit.framework in Frameworks */ = {isa = PBXBuildFile; fileRef = A9F5D216179B36590018FB60 /* UIKit.framework */; };
		A9F5D219179B36590018FB60 /* Foundation.framework in Frameworks */ = {isa = PBXBuildFile; fileRef = A9F5D218179B36590018FB60 /* Foundation.framework */; };
		A9F5D21B179B36590018FB60 /* CoreGraphics.framework in Frameworks */ = {isa = PBXBuildFile; fileRef = A9F5D21A179B36590018FB60 /* CoreGraphics.framework */; };
		A9F5D21D179B36590018FB60 /* CoreData.framework in Frameworks */ = {isa = PBXBuildFile; fileRef = A9F5D21C179B36590018FB60 /* CoreData.framework */; };
		A9F5D223179B36590018FB60 /* InfoPlist.strings in Resources */ = {isa = PBXBuildFile; fileRef = A9F5D221179B36590018FB60 /* InfoPlist.strings */; };
		A9F5D225179B36590018FB60 /* main.m in Sources */ = {isa = PBXBuildFile; fileRef = A9F5D224179B36590018FB60 /* main.m */; };
		A9F5D229179B36590018FB60 /* OtAppDelegate.m in Sources */ = {isa = PBXBuildFile; fileRef = A9F5D228179B36590018FB60 /* OtAppDelegate.m */; };
		A9F5D238179B36590018FB60 /* OtMasterViewCtrl.m in Sources */ = {isa = PBXBuildFile; fileRef = A9F5D237179B36590018FB60 /* OtMasterViewCtrl.m */; };
		A9F5D23B179B36590018FB60 /* OtDetailViewCtrl.m in Sources */ = {isa = PBXBuildFile; fileRef = A9F5D23A179B36590018FB60 /* OtDetailViewCtrl.m */; };
		A9F5D243179B36590018FB60 /* SenTestingKit.framework in Frameworks */ = {isa = PBXBuildFile; fileRef = A9F5D242179B36590018FB60 /* SenTestingKit.framework */; };
		A9F5D244179B36590018FB60 /* UIKit.framework in Frameworks */ = {isa = PBXBuildFile; fileRef = A9F5D216179B36590018FB60 /* UIKit.framework */; };
		A9F5D245179B36590018FB60 /* Foundation.framework in Frameworks */ = {isa = PBXBuildFile; fileRef = A9F5D218179B36590018FB60 /* Foundation.framework */; };
		A9F5D246179B36590018FB60 /* CoreData.framework in Frameworks */ = {isa = PBXBuildFile; fileRef = A9F5D21C179B36590018FB60 /* CoreData.framework */; };
		A9F5D24E179B36590018FB60 /* InfoPlist.strings in Resources */ = {isa = PBXBuildFile; fileRef = A9F5D24C179B36590018FB60 /* InfoPlist.strings */; };
		A9F5D251179B36590018FB60 /* outagetrackerTests.m in Sources */ = {isa = PBXBuildFile; fileRef = A9F5D250179B36590018FB60 /* outagetrackerTests.m */; };
		A9F5D25F179B61810018FB60 /* OtOutageDataCtrl.m in Sources */ = {isa = PBXBuildFile; fileRef = A9F5D25E179B61810018FB60 /* OtOutageDataCtrl.m */; };
		A9F5D262179B62560018FB60 /* OtOutage.m in Sources */ = {isa = PBXBuildFile; fileRef = A9F5D261179B62560018FB60 /* OtOutage.m */; };
		A9F5D269179B68310018FB60 /* OtOutageClient.m in Sources */ = {isa = PBXBuildFile; fileRef = A9F5D268179B68310018FB60 /* OtOutageClient.m */; };
		A9F5D26D179B697F0018FB60 /* OtDummyOutageClient.m in Sources */ = {isa = PBXBuildFile; fileRef = A9F5D26C179B697F0018FB60 /* OtDummyOutageClient.m */; };
		A9FA1A2A17ADAE56009F63D7 /* OtUtils.m in Sources */ = {isa = PBXBuildFile; fileRef = A9FA1A2917ADAE56009F63D7 /* OtUtils.m */; };
		A9FA1A2D17ADB202009F63D7 /* OtMasterViewOutageCell.m in Sources */ = {isa = PBXBuildFile; fileRef = A9FA1A2C17ADB202009F63D7 /* OtMasterViewOutageCell.m */; };
/* End PBXBuildFile section */

/* Begin PBXContainerItemProxy section */
		A9F5D247179B36590018FB60 /* PBXContainerItemProxy */ = {
			isa = PBXContainerItemProxy;
			containerPortal = A9F5D20B179B36590018FB60 /* Project object */;
			proxyType = 1;
			remoteGlobalIDString = A9F5D212179B36590018FB60;
			remoteInfo = outagetracker;
		};
/* End PBXContainerItemProxy section */

/* Begin PBXFileReference section */
		A91BDF321810C7F900F4907D /* ot-icon-58.png */ = {isa = PBXFileReference; lastKnownFileType = image.png; name = "ot-icon-58.png"; path = "images/ot-icon-58.png"; sourceTree = "<group>"; };
		A91BDF331810C7F900F4907D /* ot-icon-80.png */ = {isa = PBXFileReference; lastKnownFileType = image.png; name = "ot-icon-80.png"; path = "images/ot-icon-80.png"; sourceTree = "<group>"; };
		A91BDF341810C7F900F4907D /* ot-icon-120.png */ = {isa = PBXFileReference; lastKnownFileType = image.png; name = "ot-icon-120.png"; path = "images/ot-icon-120.png"; sourceTree = "<group>"; };
		A91BDF381810C83B00F4907D /* Default-568h@2x.png */ = {isa = PBXFileReference; lastKnownFileType = image.png; name = "Default-568h@2x.png"; path = "images/Default-568h@2x.png"; sourceTree = "<group>"; };
		A91BDF391810C83B00F4907D /* Default@2x.png */ = {isa = PBXFileReference; lastKnownFileType = image.png; name = "Default@2x.png"; path = "images/Default@2x.png"; sourceTree = "<group>"; };
		A91BDF3C1810D9D100F4907D /* house-light-no.jpg */ = {isa = PBXFileReference; lastKnownFileType = image.jpeg; name = "house-light-no.jpg"; path = "images/house-light-no.jpg"; sourceTree = "<group>"; };
		A91BDF3D1810D9D100F4907D /* house-light-yes.jpg */ = {isa = PBXFileReference; lastKnownFileType = image.jpeg; name = "house-light-yes.jpg"; path = "images/house-light-yes.jpg"; sourceTree = "<group>"; };
		A92BC32A17C9013700A7016A /* OtSideMenuViewCtrl.h */ = {isa = PBXFileReference; fileEncoding = 4; lastKnownFileType = sourcecode.c.h; path = OtSideMenuViewCtrl.h; sourceTree = "<group>"; };
		A92BC32B17C9013700A7016A /* OtSideMenuViewCtrl.m */ = {isa = PBXFileReference; fileEncoding = 4; lastKnownFileType = sourcecode.c.objc; path = OtSideMenuViewCtrl.m; sourceTree = "<group>"; };
		A92BC33517C9287F00A7016A /* ot-settings-icon.png */ = {isa = PBXFileReference; lastKnownFileType = image.png; name = "ot-settings-icon.png"; path = "images/ot-settings-icon.png"; sourceTree = "<group>"; };
		A92BC33617C9287F00A7016A /* ot-settings-icon@2x.png */ = {isa = PBXFileReference; lastKnownFileType = image.png; name = "ot-settings-icon@2x.png"; path = "images/ot-settings-icon@2x.png"; sourceTree = "<group>"; };
		A92BC33917C9291E00A7016A /* ot-outage-icon.png */ = {isa = PBXFileReference; lastKnownFileType = image.png; name = "ot-outage-icon.png"; path = "images/ot-outage-icon.png"; sourceTree = "<group>"; };
		A92BC33A17C9291E00A7016A /* ot-outage-icon@2x.png */ = {isa = PBXFileReference; lastKnownFileType = image.png; name = "ot-outage-icon@2x.png"; path = "images/ot-outage-icon@2x.png"; sourceTree = "<group>"; };
		A92BC33D17C92CE800A7016A /* ot-about-icon.png */ = {isa = PBXFileReference; lastKnownFileType = image.png; name = "ot-about-icon.png"; path = "images/ot-about-icon.png"; sourceTree = "<group>"; };
		A92BC33E17C92CE900A7016A /* ot-about-icon@2x.png */ = {isa = PBXFileReference; lastKnownFileType = image.png; name = "ot-about-icon@2x.png"; path = "images/ot-about-icon@2x.png"; sourceTree = "<group>"; };
		A92BC34117C9319300A7016A /* ot-feedback-icon.png */ = {isa = PBXFileReference; lastKnownFileType = image.png; name = "ot-feedback-icon.png"; path = "images/ot-feedback-icon.png"; sourceTree = "<group>"; };
		A92BC34217C9319300A7016A /* ot-feedback-icon@2x.png */ = {isa = PBXFileReference; lastKnownFileType = image.png; name = "ot-feedback-icon@2x.png"; path = "images/ot-feedback-icon@2x.png"; sourceTree = "<group>"; };
		A92BC34517C932D300A7016A /* ot-menu-icon.png */ = {isa = PBXFileReference; lastKnownFileType = image.png; name = "ot-menu-icon.png"; path = "images/ot-menu-icon.png"; sourceTree = "<group>"; };
		A92BC34617C932D300A7016A /* ot-menu-icon@2x.png */ = {isa = PBXFileReference; lastKnownFileType = image.png; name = "ot-menu-icon@2x.png"; path = "images/ot-menu-icon@2x.png"; sourceTree = "<group>"; };
		A92BC34917C93B8100A7016A /* OtSideMenuViewCell.h */ = {isa = PBXFileReference; fileEncoding = 4; lastKnownFileType = sourcecode.c.h; path = OtSideMenuViewCell.h; sourceTree = "<group>"; };
		A92BC34A17C93B8100A7016A /* OtSideMenuViewCell.m */ = {isa = PBXFileReference; fileEncoding = 4; lastKnownFileType = sourcecode.c.objc; path = OtSideMenuViewCell.m; sourceTree = "<group>"; };
		A93D2A4417B81DC900B23A2E /* ot-bill-example.png */ = {isa = PBXFileReference; lastKnownFileType = image.png; name = "ot-bill-example.png"; path = "images/ot-bill-example.png"; sourceTree = "<group>"; };
		A9487B3D17A48036007246E7 /* OtSettingsViewCtrl.h */ = {isa = PBXFileReference; fileEncoding = 4; lastKnownFileType = sourcecode.c.h; path = OtSettingsViewCtrl.h; sourceTree = "<group>"; };
		A9487B3E17A48036007246E7 /* OtSettingsViewCtrl.m */ = {isa = PBXFileReference; fileEncoding = 4; lastKnownFileType = sourcecode.c.objc; path = OtSettingsViewCtrl.m; sourceTree = "<group>"; };
		A968C1A317CD195200723AA3 /* OtAboutViewController.h */ = {isa = PBXFileReference; fileEncoding = 4; lastKnownFileType = sourcecode.c.h; path = OtAboutViewController.h; sourceTree = "<group>"; };
		A968C1A417CD195200723AA3 /* OtAboutViewController.m */ = {isa = PBXFileReference; fileEncoding = 4; lastKnownFileType = sourcecode.c.objc; path = OtAboutViewController.m; sourceTree = "<group>"; };
		A968C1AC17CD30E800723AA3 /* OtClaimDisturbanceViewCtrl.h */ = {isa = PBXFileReference; fileEncoding = 4; lastKnownFileType = sourcecode.c.h; path = OtClaimDisturbanceViewCtrl.h; sourceTree = "<group>"; };
		A968C1AD17CD30E800723AA3 /* OtClaimDisturbanceViewCtrl.m */ = {isa = PBXFileReference; fileEncoding = 4; lastKnownFileType = sourcecode.c.objc; path = OtClaimDisturbanceViewCtrl.m; sourceTree = "<group>"; };
		A9A43ECF17CD5482006CF400 /* OtLanguageViewCtrl.h */ = {isa = PBXFileReference; fileEncoding = 4; lastKnownFileType = sourcecode.c.h; path = OtLanguageViewCtrl.h; sourceTree = "<group>"; };
		A9A43ED017CD5482006CF400 /* OtLanguageViewCtrl.m */ = {isa = PBXFileReference; fileEncoding = 4; lastKnownFileType = sourcecode.c.objc; path = OtLanguageViewCtrl.m; sourceTree = "<group>"; };
		A9A95C9317B5B685005F557D /* OtConstants.h */ = {isa = PBXFileReference; fileEncoding = 4; lastKnownFileType = sourcecode.c.h; path = OtConstants.h; sourceTree = "<group>"; };
		A9A95CD217B5D898005F557D /* MobileCoreServices.framework */ = {isa = PBXFileReference; lastKnownFileType = wrapper.framework; name = MobileCoreServices.framework; path = System/Library/Frameworks/MobileCoreServices.framework; sourceTree = SDKROOT; };
		A9A95CD417B5D8A7005F557D /* SystemConfiguration.framework */ = {isa = PBXFileReference; lastKnownFileType = wrapper.framework; name = SystemConfiguration.framework; path = System/Library/Frameworks/SystemConfiguration.framework; sourceTree = SDKROOT; };
		A9A95CD617B5D921005F557D /* Security.framework */ = {isa = PBXFileReference; lastKnownFileType = wrapper.framework; name = Security.framework; path = System/Library/Frameworks/Security.framework; sourceTree = SDKROOT; };
		A9A95CD817B5E61B005F557D /* OtOutageClientProtocol.h */ = {isa = PBXFileReference; lastKnownFileType = sourcecode.c.h; path = OtOutageClientProtocol.h; sourceTree = "<group>"; };
		A9ABE81A17D5090200C33EA8 /* File.strings */ = {isa = PBXFileReference; fileEncoding = 4; lastKnownFileType = text.plist.strings; path = File.strings; sourceTree = "<group>"; };
		A9ABE81C17D5095B00C33EA8 /* tr */ = {isa = PBXFileReference; lastKnownFileType = text.plist.strings; name = tr; path = tr.lproj/InfoPlist.strings; sourceTree = "<group>"; };
		A9ABE81D17D5095B00C33EA8 /* tr */ = {isa = PBXFileReference; lastKnownFileType = text.plist.strings; name = tr; path = tr.lproj/InfoPlist.strings; sourceTree = "<group>"; };
		A9ABE82117D5102500C33EA8 /* tr */ = {isa = PBXFileReference; lastKnownFileType = text.plist.strings; name = tr; path = tr.lproj/Localizable.strings; sourceTree = "<group>"; };
		A9ABE82317D5102A00C33EA8 /* en */ = {isa = PBXFileReference; lastKnownFileType = text.plist.strings; name = en; path = en.lproj/Localizable.strings; sourceTree = "<group>"; };
		A9ABE82617D5112C00C33EA8 /* AFHTTPClient.h */ = {isa = PBXFileReference; fileEncoding = 4; lastKnownFileType = sourcecode.c.h; path = AFHTTPClient.h; sourceTree = "<group>"; };
		A9ABE82717D5112C00C33EA8 /* AFHTTPClient.m */ = {isa = PBXFileReference; fileEncoding = 4; lastKnownFileType = sourcecode.c.objc; path = AFHTTPClient.m; sourceTree = "<group>"; };
		A9ABE82817D5112C00C33EA8 /* AFHTTPRequestOperation.h */ = {isa = PBXFileReference; fileEncoding = 4; lastKnownFileType = sourcecode.c.h; path = AFHTTPRequestOperation.h; sourceTree = "<group>"; };
		A9ABE82917D5112C00C33EA8 /* AFHTTPRequestOperation.m */ = {isa = PBXFileReference; fileEncoding = 4; lastKnownFileType = sourcecode.c.objc; path = AFHTTPRequestOperation.m; sourceTree = "<group>"; };
		A9ABE82A17D5112C00C33EA8 /* AFImageRequestOperation.h */ = {isa = PBXFileReference; fileEncoding = 4; lastKnownFileType = sourcecode.c.h; path = AFImageRequestOperation.h; sourceTree = "<group>"; };
		A9ABE82B17D5112C00C33EA8 /* AFImageRequestOperation.m */ = {isa = PBXFileReference; fileEncoding = 4; lastKnownFileType = sourcecode.c.objc; path = AFImageRequestOperation.m; sourceTree = "<group>"; };
		A9ABE82C17D5112C00C33EA8 /* AFJSONRequestOperation.h */ = {isa = PBXFileReference; fileEncoding = 4; lastKnownFileType = sourcecode.c.h; path = AFJSONRequestOperation.h; sourceTree = "<group>"; };
		A9ABE82D17D5112C00C33EA8 /* AFJSONRequestOperation.m */ = {isa = PBXFileReference; fileEncoding = 4; lastKnownFileType = sourcecode.c.objc; path = AFJSONRequestOperation.m; sourceTree = "<group>"; };
		A9ABE82E17D5112C00C33EA8 /* AFNetworkActivityIndicatorManager.h */ = {isa = PBXFileReference; fileEncoding = 4; lastKnownFileType = sourcecode.c.h; path = AFNetworkActivityIndicatorManager.h; sourceTree = "<group>"; };
		A9ABE82F17D5112C00C33EA8 /* AFNetworkActivityIndicatorManager.m */ = {isa = PBXFileReference; fileEncoding = 4; lastKnownFileType = sourcecode.c.objc; path = AFNetworkActivityIndicatorManager.m; sourceTree = "<group>"; };
		A9ABE83017D5112C00C33EA8 /* AFNetworking.h */ = {isa = PBXFileReference; fileEncoding = 4; lastKnownFileType = sourcecode.c.h; path = AFNetworking.h; sourceTree = "<group>"; };
		A9ABE83117D5112C00C33EA8 /* AFPropertyListRequestOperation.h */ = {isa = PBXFileReference; fileEncoding = 4; lastKnownFileType = sourcecode.c.h; path = AFPropertyListRequestOperation.h; sourceTree = "<group>"; };
		A9ABE83217D5112C00C33EA8 /* AFPropertyListRequestOperation.m */ = {isa = PBXFileReference; fileEncoding = 4; lastKnownFileType = sourcecode.c.objc; path = AFPropertyListRequestOperation.m; sourceTree = "<group>"; };
		A9ABE83317D5112C00C33EA8 /* AFURLConnectionOperation.h */ = {isa = PBXFileReference; fileEncoding = 4; lastKnownFileType = sourcecode.c.h; path = AFURLConnectionOperation.h; sourceTree = "<group>"; };
		A9ABE83417D5112C00C33EA8 /* AFURLConnectionOperation.m */ = {isa = PBXFileReference; fileEncoding = 4; lastKnownFileType = sourcecode.c.objc; path = AFURLConnectionOperation.m; sourceTree = "<group>"; };
		A9ABE83517D5112C00C33EA8 /* AFXMLRequestOperation.h */ = {isa = PBXFileReference; fileEncoding = 4; lastKnownFileType = sourcecode.c.h; path = AFXMLRequestOperation.h; sourceTree = "<group>"; };
		A9ABE83617D5112C00C33EA8 /* AFXMLRequestOperation.m */ = {isa = PBXFileReference; fileEncoding = 4; lastKnownFileType = sourcecode.c.objc; path = AFXMLRequestOperation.m; sourceTree = "<group>"; };
		A9ABE83717D5112C00C33EA8 /* UIImageView+AFNetworking.h */ = {isa = PBXFileReference; fileEncoding = 4; lastKnownFileType = sourcecode.c.h; path = "UIImageView+AFNetworking.h"; sourceTree = "<group>"; };
		A9ABE83817D5112C00C33EA8 /* UIImageView+AFNetworking.m */ = {isa = PBXFileReference; fileEncoding = 4; lastKnownFileType = sourcecode.c.objc; path = "UIImageView+AFNetworking.m"; sourceTree = "<group>"; };
		A9ABE83A17D5112C00C33EA8 /* LocalizationSystem.h */ = {isa = PBXFileReference; fileEncoding = 4; lastKnownFileType = sourcecode.c.h; path = LocalizationSystem.h; sourceTree = "<group>"; };
		A9ABE83B17D5112C00C33EA8 /* LocalizationSystem.m */ = {isa = PBXFileReference; fileEncoding = 4; lastKnownFileType = sourcecode.c.objc; path = LocalizationSystem.m; sourceTree = "<group>"; };
		A9ABE83D17D5112C00C33EA8 /* MBProgressHUD.h */ = {isa = PBXFileReference; fileEncoding = 4; lastKnownFileType = sourcecode.c.h; path = MBProgressHUD.h; sourceTree = "<group>"; };
		A9ABE83E17D5112C00C33EA8 /* MBProgressHUD.m */ = {isa = PBXFileReference; fileEncoding = 4; lastKnownFileType = sourcecode.c.objc; path = MBProgressHUD.m; sourceTree = "<group>"; };
		A9ABE84017D5112C00C33EA8 /* MFSideMenu.h */ = {isa = PBXFileReference; fileEncoding = 4; lastKnownFileType = sourcecode.c.h; path = MFSideMenu.h; sourceTree = "<group>"; };
		A9ABE84117D5112C00C33EA8 /* MFSideMenuContainerViewController.h */ = {isa = PBXFileReference; fileEncoding = 4; lastKnownFileType = sourcecode.c.h; path = MFSideMenuContainerViewController.h; sourceTree = "<group>"; };
		A9ABE84217D5112C00C33EA8 /* MFSideMenuContainerViewController.m */ = {isa = PBXFileReference; fileEncoding = 4; lastKnownFileType = sourcecode.c.objc; path = MFSideMenuContainerViewController.m; sourceTree = "<group>"; };
		A9ABE84317D5112C00C33EA8 /* MFSideMenuShadow.h */ = {isa = PBXFileReference; fileEncoding = 4; lastKnownFileType = sourcecode.c.h; path = MFSideMenuShadow.h; sourceTree = "<group>"; };
		A9ABE84417D5112C00C33EA8 /* MFSideMenuShadow.m */ = {isa = PBXFileReference; fileEncoding = 4; lastKnownFileType = sourcecode.c.objc; path = MFSideMenuShadow.m; sourceTree = "<group>"; };
		A9ABE84517D5112C00C33EA8 /* UIViewController+MFSideMenuAdditions.h */ = {isa = PBXFileReference; fileEncoding = 4; lastKnownFileType = sourcecode.c.h; path = "UIViewController+MFSideMenuAdditions.h"; sourceTree = "<group>"; };
		A9ABE84617D5112C00C33EA8 /* UIViewController+MFSideMenuAdditions.m */ = {isa = PBXFileReference; fileEncoding = 4; lastKnownFileType = sourcecode.c.objc; path = "UIViewController+MFSideMenuAdditions.m"; sourceTree = "<group>"; };
		A9ABE85A17D51FEB00C33EA8 /* MainStoryboard.storyboard */ = {isa = PBXFileReference; fileEncoding = 4; lastKnownFileType = file.storyboard; path = MainStoryboard.storyboard; sourceTree = "<group>"; };
		A9BE91F617C7E5CB00D1517D /* QuartzCore.framework */ = {isa = PBXFileReference; lastKnownFileType = wrapper.framework; name = QuartzCore.framework; path = System/Library/Frameworks/QuartzCore.framework; sourceTree = SDKROOT; };
		A9D817F617B6A4CF00D34EFE /* OtWelcomeViewCtrl.h */ = {isa = PBXFileReference; fileEncoding = 4; lastKnownFileType = sourcecode.c.h; path = OtWelcomeViewCtrl.h; sourceTree = "<group>"; };
		A9D817F717B6A4CF00D34EFE /* OtWelcomeViewCtrl.m */ = {isa = PBXFileReference; fileEncoding = 4; lastKnownFileType = sourcecode.c.objc; path = OtWelcomeViewCtrl.m; sourceTree = "<group>"; };
		A9F5D213179B36590018FB60 /* Outages.app */ = {isa = PBXFileReference; explicitFileType = wrapper.application; includeInIndex = 0; path = Outages.app; sourceTree = BUILT_PRODUCTS_DIR; };
		A9F5D216179B36590018FB60 /* UIKit.framework */ = {isa = PBXFileReference; lastKnownFileType = wrapper.framework; name = UIKit.framework; path = System/Library/Frameworks/UIKit.framework; sourceTree = SDKROOT; };
		A9F5D218179B36590018FB60 /* Foundation.framework */ = {isa = PBXFileReference; lastKnownFileType = wrapper.framework; name = Foundation.framework; path = System/Library/Frameworks/Foundation.framework; sourceTree = SDKROOT; };
		A9F5D21A179B36590018FB60 /* CoreGraphics.framework */ = {isa = PBXFileReference; lastKnownFileType = wrapper.framework; name = CoreGraphics.framework; path = System/Library/Frameworks/CoreGraphics.framework; sourceTree = SDKROOT; };
		A9F5D21C179B36590018FB60 /* CoreData.framework */ = {isa = PBXFileReference; lastKnownFileType = wrapper.framework; name = CoreData.framework; path = System/Library/Frameworks/CoreData.framework; sourceTree = SDKROOT; };
		A9F5D220179B36590018FB60 /* outagetracker-Info.plist */ = {isa = PBXFileReference; lastKnownFileType = text.plist.xml; path = "outagetracker-Info.plist"; sourceTree = "<group>"; };
		A9F5D222179B36590018FB60 /* en */ = {isa = PBXFileReference; lastKnownFileType = text.plist.strings; name = en; path = en.lproj/InfoPlist.strings; sourceTree = "<group>"; };
		A9F5D224179B36590018FB60 /* main.m */ = {isa = PBXFileReference; lastKnownFileType = sourcecode.c.objc; path = main.m; sourceTree = "<group>"; };
		A9F5D226179B36590018FB60 /* outagetracker-Prefix.pch */ = {isa = PBXFileReference; lastKnownFileType = sourcecode.c.h; path = "outagetracker-Prefix.pch"; sourceTree = "<group>"; };
		A9F5D227179B36590018FB60 /* OtAppDelegate.h */ = {isa = PBXFileReference; lastKnownFileType = sourcecode.c.h; path = OtAppDelegate.h; sourceTree = "<group>"; };
		A9F5D228179B36590018FB60 /* OtAppDelegate.m */ = {isa = PBXFileReference; lastKnownFileType = sourcecode.c.objc; path = OtAppDelegate.m; sourceTree = "<group>"; };
		A9F5D236179B36590018FB60 /* OtMasterViewCtrl.h */ = {isa = PBXFileReference; lastKnownFileType = sourcecode.c.h; path = OtMasterViewCtrl.h; sourceTree = "<group>"; };
		A9F5D237179B36590018FB60 /* OtMasterViewCtrl.m */ = {isa = PBXFileReference; lastKnownFileType = sourcecode.c.objc; path = OtMasterViewCtrl.m; sourceTree = "<group>"; };
		A9F5D239179B36590018FB60 /* OtDetailViewCtrl.h */ = {isa = PBXFileReference; lastKnownFileType = sourcecode.c.h; path = OtDetailViewCtrl.h; sourceTree = "<group>"; };
		A9F5D23A179B36590018FB60 /* OtDetailViewCtrl.m */ = {isa = PBXFileReference; lastKnownFileType = sourcecode.c.objc; path = OtDetailViewCtrl.m; sourceTree = "<group>"; };
		A9F5D241179B36590018FB60 /* outagetrackerTests.octest */ = {isa = PBXFileReference; explicitFileType = wrapper.cfbundle; includeInIndex = 0; path = outagetrackerTests.octest; sourceTree = BUILT_PRODUCTS_DIR; };
		A9F5D242179B36590018FB60 /* SenTestingKit.framework */ = {isa = PBXFileReference; lastKnownFileType = wrapper.framework; name = SenTestingKit.framework; path = Library/Frameworks/SenTestingKit.framework; sourceTree = DEVELOPER_DIR; };
		A9F5D24B179B36590018FB60 /* outagetrackerTests-Info.plist */ = {isa = PBXFileReference; lastKnownFileType = text.plist.xml; path = "outagetrackerTests-Info.plist"; sourceTree = "<group>"; };
		A9F5D24D179B36590018FB60 /* en */ = {isa = PBXFileReference; lastKnownFileType = text.plist.strings; name = en; path = en.lproj/InfoPlist.strings; sourceTree = "<group>"; };
		A9F5D24F179B36590018FB60 /* outagetrackerTests.h */ = {isa = PBXFileReference; lastKnownFileType = sourcecode.c.h; path = outagetrackerTests.h; sourceTree = "<group>"; };
		A9F5D250179B36590018FB60 /* outagetrackerTests.m */ = {isa = PBXFileReference; lastKnownFileType = sourcecode.c.objc; path = outagetrackerTests.m; sourceTree = "<group>"; };
		A9F5D25D179B61810018FB60 /* OtOutageDataCtrl.h */ = {isa = PBXFileReference; fileEncoding = 4; lastKnownFileType = sourcecode.c.h; path = OtOutageDataCtrl.h; sourceTree = "<group>"; };
		A9F5D25E179B61810018FB60 /* OtOutageDataCtrl.m */ = {isa = PBXFileReference; fileEncoding = 4; lastKnownFileType = sourcecode.c.objc; path = OtOutageDataCtrl.m; sourceTree = "<group>"; };
		A9F5D260179B62560018FB60 /* OtOutage.h */ = {isa = PBXFileReference; fileEncoding = 4; lastKnownFileType = sourcecode.c.h; path = OtOutage.h; sourceTree = "<group>"; };
		A9F5D261179B62560018FB60 /* OtOutage.m */ = {isa = PBXFileReference; fileEncoding = 4; lastKnownFileType = sourcecode.c.objc; path = OtOutage.m; sourceTree = "<group>"; };
		A9F5D267179B68310018FB60 /* OtOutageClient.h */ = {isa = PBXFileReference; fileEncoding = 4; lastKnownFileType = sourcecode.c.h; path = OtOutageClient.h; sourceTree = "<group>"; };
		A9F5D268179B68310018FB60 /* OtOutageClient.m */ = {isa = PBXFileReference; fileEncoding = 4; lastKnownFileType = sourcecode.c.objc; path = OtOutageClient.m; sourceTree = "<group>"; };
		A9F5D26B179B697F0018FB60 /* OtDummyOutageClient.h */ = {isa = PBXFileReference; fileEncoding = 4; lastKnownFileType = sourcecode.c.h; path = OtDummyOutageClient.h; sourceTree = "<group>"; };
		A9F5D26C179B697F0018FB60 /* OtDummyOutageClient.m */ = {isa = PBXFileReference; fileEncoding = 4; lastKnownFileType = sourcecode.c.objc; path = OtDummyOutageClient.m; sourceTree = "<group>"; };
		A9FA1A2817ADAE56009F63D7 /* OtUtils.h */ = {isa = PBXFileReference; fileEncoding = 4; lastKnownFileType = sourcecode.c.h; path = OtUtils.h; sourceTree = "<group>"; };
		A9FA1A2917ADAE56009F63D7 /* OtUtils.m */ = {isa = PBXFileReference; fileEncoding = 4; lastKnownFileType = sourcecode.c.objc; path = OtUtils.m; sourceTree = "<group>"; };
		A9FA1A2B17ADB202009F63D7 /* OtMasterViewOutageCell.h */ = {isa = PBXFileReference; fileEncoding = 4; lastKnownFileType = sourcecode.c.h; path = OtMasterViewOutageCell.h; sourceTree = "<group>"; };
		A9FA1A2C17ADB202009F63D7 /* OtMasterViewOutageCell.m */ = {isa = PBXFileReference; fileEncoding = 4; lastKnownFileType = sourcecode.c.objc; path = OtMasterViewOutageCell.m; sourceTree = "<group>"; };
/* End PBXFileReference section */

/* Begin PBXFrameworksBuildPhase section */
		A9F5D210179B36590018FB60 /* Frameworks */ = {
			isa = PBXFrameworksBuildPhase;
			buildActionMask = 2147483647;
			files = (
				A9BE91F717C7E5CB00D1517D /* QuartzCore.framework in Frameworks */,
				A9A95CD717B5D921005F557D /* Security.framework in Frameworks */,
				A9A95CD517B5D8A7005F557D /* SystemConfiguration.framework in Frameworks */,
				A9A95CD317B5D898005F557D /* MobileCoreServices.framework in Frameworks */,
				A9F5D217179B36590018FB60 /* UIKit.framework in Frameworks */,
				A9F5D219179B36590018FB60 /* Foundation.framework in Frameworks */,
				A9F5D21B179B36590018FB60 /* CoreGraphics.framework in Frameworks */,
				A9F5D21D179B36590018FB60 /* CoreData.framework in Frameworks */,
			);
			runOnlyForDeploymentPostprocessing = 0;
		};
		A9F5D23D179B36590018FB60 /* Frameworks */ = {
			isa = PBXFrameworksBuildPhase;
			buildActionMask = 2147483647;
			files = (
				A9F5D243179B36590018FB60 /* SenTestingKit.framework in Frameworks */,
				A9F5D244179B36590018FB60 /* UIKit.framework in Frameworks */,
				A9F5D245179B36590018FB60 /* Foundation.framework in Frameworks */,
				A9F5D246179B36590018FB60 /* CoreData.framework in Frameworks */,
			);
			runOnlyForDeploymentPostprocessing = 0;
		};
/* End PBXFrameworksBuildPhase section */

/* Begin PBXGroup section */
		A925DC09179C423B00C04F42 /* images */ = {
			isa = PBXGroup;
			children = (
				A91BDF3C1810D9D100F4907D /* house-light-no.jpg */,
				A91BDF3D1810D9D100F4907D /* house-light-yes.jpg */,
				A91BDF381810C83B00F4907D /* Default-568h@2x.png */,
				A91BDF391810C83B00F4907D /* Default@2x.png */,
				A91BDF321810C7F900F4907D /* ot-icon-58.png */,
				A91BDF331810C7F900F4907D /* ot-icon-80.png */,
				A91BDF341810C7F900F4907D /* ot-icon-120.png */,
				A92BC34517C932D300A7016A /* ot-menu-icon.png */,
				A92BC34617C932D300A7016A /* ot-menu-icon@2x.png */,
				A92BC34117C9319300A7016A /* ot-feedback-icon.png */,
				A92BC34217C9319300A7016A /* ot-feedback-icon@2x.png */,
				A92BC33D17C92CE800A7016A /* ot-about-icon.png */,
				A92BC33E17C92CE900A7016A /* ot-about-icon@2x.png */,
				A92BC33917C9291E00A7016A /* ot-outage-icon.png */,
				A92BC33A17C9291E00A7016A /* ot-outage-icon@2x.png */,
				A92BC33517C9287F00A7016A /* ot-settings-icon.png */,
				A92BC33617C9287F00A7016A /* ot-settings-icon@2x.png */,
				A93D2A4417B81DC900B23A2E /* ot-bill-example.png */,
			);
			name = images;
			sourceTree = "<group>";
		};
		A968C1A617CD25DE00723AA3 /* outages */ = {
			isa = PBXGroup;
			children = (
				A9D817F617B6A4CF00D34EFE /* OtWelcomeViewCtrl.h */,
				A9D817F717B6A4CF00D34EFE /* OtWelcomeViewCtrl.m */,
				A9F5D236179B36590018FB60 /* OtMasterViewCtrl.h */,
				A9F5D237179B36590018FB60 /* OtMasterViewCtrl.m */,
				A9FA1A2B17ADB202009F63D7 /* OtMasterViewOutageCell.h */,
				A9FA1A2C17ADB202009F63D7 /* OtMasterViewOutageCell.m */,
				A9F5D239179B36590018FB60 /* OtDetailViewCtrl.h */,
				A9F5D23A179B36590018FB60 /* OtDetailViewCtrl.m */,
			);
			name = outages;
			sourceTree = "<group>";
		};
		A968C1A717CD25ED00723AA3 /* settings */ = {
			isa = PBXGroup;
			children = (
				A9487B3D17A48036007246E7 /* OtSettingsViewCtrl.h */,
				A9487B3E17A48036007246E7 /* OtSettingsViewCtrl.m */,
				A9A43ECF17CD5482006CF400 /* OtLanguageViewCtrl.h */,
				A9A43ED017CD5482006CF400 /* OtLanguageViewCtrl.m */,
			);
			name = settings;
			sourceTree = "<group>";
		};
		A968C1A817CD25F400723AA3 /* about */ = {
			isa = PBXGroup;
			children = (
				A968C1A317CD195200723AA3 /* OtAboutViewController.h */,
				A968C1A417CD195200723AA3 /* OtAboutViewController.m */,
			);
			name = about;
			sourceTree = "<group>";
		};
		A968C1AA17CD262B00723AA3 /* claimdisturbance */ = {
			isa = PBXGroup;
			children = (
				A968C1AC17CD30E800723AA3 /* OtClaimDisturbanceViewCtrl.h */,
				A968C1AD17CD30E800723AA3 /* OtClaimDisturbanceViewCtrl.m */,
			);
			name = claimdisturbance;
			sourceTree = "<group>";
		};
		A968C1AB17CD263D00723AA3 /* sidemenu */ = {
			isa = PBXGroup;
			children = (
				A92BC32A17C9013700A7016A /* OtSideMenuViewCtrl.h */,
				A92BC32B17C9013700A7016A /* OtSideMenuViewCtrl.m */,
				A92BC34917C93B8100A7016A /* OtSideMenuViewCell.h */,
				A92BC34A17C93B8100A7016A /* OtSideMenuViewCell.m */,
			);
			name = sidemenu;
			sourceTree = "<group>";
		};
		A9ABE82517D5112C00C33EA8 /* AFNetworking */ = {
			isa = PBXGroup;
			children = (
				A9ABE82617D5112C00C33EA8 /* AFHTTPClient.h */,
				A9ABE82717D5112C00C33EA8 /* AFHTTPClient.m */,
				A9ABE82817D5112C00C33EA8 /* AFHTTPRequestOperation.h */,
				A9ABE82917D5112C00C33EA8 /* AFHTTPRequestOperation.m */,
				A9ABE82A17D5112C00C33EA8 /* AFImageRequestOperation.h */,
				A9ABE82B17D5112C00C33EA8 /* AFImageRequestOperation.m */,
				A9ABE82C17D5112C00C33EA8 /* AFJSONRequestOperation.h */,
				A9ABE82D17D5112C00C33EA8 /* AFJSONRequestOperation.m */,
				A9ABE82E17D5112C00C33EA8 /* AFNetworkActivityIndicatorManager.h */,
				A9ABE82F17D5112C00C33EA8 /* AFNetworkActivityIndicatorManager.m */,
				A9ABE83017D5112C00C33EA8 /* AFNetworking.h */,
				A9ABE83117D5112C00C33EA8 /* AFPropertyListRequestOperation.h */,
				A9ABE83217D5112C00C33EA8 /* AFPropertyListRequestOperation.m */,
				A9ABE83317D5112C00C33EA8 /* AFURLConnectionOperation.h */,
				A9ABE83417D5112C00C33EA8 /* AFURLConnectionOperation.m */,
				A9ABE83517D5112C00C33EA8 /* AFXMLRequestOperation.h */,
				A9ABE83617D5112C00C33EA8 /* AFXMLRequestOperation.m */,
				A9ABE83717D5112C00C33EA8 /* UIImageView+AFNetworking.h */,
				A9ABE83817D5112C00C33EA8 /* UIImageView+AFNetworking.m */,
			);
			name = AFNetworking;
			path = libs/AFNetworking;
			sourceTree = "<group>";
		};
		A9ABE83917D5112C00C33EA8 /* Localization */ = {
			isa = PBXGroup;
			children = (
				A9ABE83A17D5112C00C33EA8 /* LocalizationSystem.h */,
				A9ABE83B17D5112C00C33EA8 /* LocalizationSystem.m */,
			);
			name = Localization;
			path = libs/Localization;
			sourceTree = "<group>";
		};
		A9ABE83C17D5112C00C33EA8 /* MBProgressHUD */ = {
			isa = PBXGroup;
			children = (
				A9ABE83D17D5112C00C33EA8 /* MBProgressHUD.h */,
				A9ABE83E17D5112C00C33EA8 /* MBProgressHUD.m */,
			);
			name = MBProgressHUD;
			path = libs/MBProgressHUD;
			sourceTree = "<group>";
		};
		A9ABE83F17D5112C00C33EA8 /* MFSideMenu */ = {
			isa = PBXGroup;
			children = (
				A9ABE84017D5112C00C33EA8 /* MFSideMenu.h */,
				A9ABE84117D5112C00C33EA8 /* MFSideMenuContainerViewController.h */,
				A9ABE84217D5112C00C33EA8 /* MFSideMenuContainerViewController.m */,
				A9ABE84317D5112C00C33EA8 /* MFSideMenuShadow.h */,
				A9ABE84417D5112C00C33EA8 /* MFSideMenuShadow.m */,
				A9ABE84517D5112C00C33EA8 /* UIViewController+MFSideMenuAdditions.h */,
				A9ABE84617D5112C00C33EA8 /* UIViewController+MFSideMenuAdditions.m */,
			);
			name = MFSideMenu;
			path = libs/MFSideMenu;
			sourceTree = "<group>";
		};
		A9B790B117B70E6E00197731 /* libs */ = {
			isa = PBXGroup;
			children = (
				A9ABE82517D5112C00C33EA8 /* AFNetworking */,
				A9ABE83917D5112C00C33EA8 /* Localization */,
				A9ABE83C17D5112C00C33EA8 /* MBProgressHUD */,
				A9ABE83F17D5112C00C33EA8 /* MFSideMenu */,
			);
			name = libs;
			sourceTree = "<group>";
		};
		A9F5D20A179B36590018FB60 = {
			isa = PBXGroup;
			children = (
				A9F5D21E179B36590018FB60 /* outagetracker */,
				A9F5D249179B36590018FB60 /* outagetrackerTests */,
				A9F5D215179B36590018FB60 /* Frameworks */,
				A9F5D214179B36590018FB60 /* Products */,
			);
			sourceTree = "<group>";
		};
		A9F5D214179B36590018FB60 /* Products */ = {
			isa = PBXGroup;
			children = (
				A9F5D213179B36590018FB60 /* Outages.app */,
				A9F5D241179B36590018FB60 /* outagetrackerTests.octest */,
			);
			name = Products;
			sourceTree = "<group>";
		};
		A9F5D215179B36590018FB60 /* Frameworks */ = {
			isa = PBXGroup;
			children = (
				A9BE91F617C7E5CB00D1517D /* QuartzCore.framework */,
				A9A95CD617B5D921005F557D /* Security.framework */,
				A9A95CD417B5D8A7005F557D /* SystemConfiguration.framework */,
				A9A95CD217B5D898005F557D /* MobileCoreServices.framework */,
				A9F5D216179B36590018FB60 /* UIKit.framework */,
				A9F5D218179B36590018FB60 /* Foundation.framework */,
				A9F5D21A179B36590018FB60 /* CoreGraphics.framework */,
				A9F5D21C179B36590018FB60 /* CoreData.framework */,
				A9F5D242179B36590018FB60 /* SenTestingKit.framework */,
			);
			name = Frameworks;
			sourceTree = "<group>";
		};
		A9F5D21E179B36590018FB60 /* outagetracker */ = {
			isa = PBXGroup;
			children = (
				A9ABE85A17D51FEB00C33EA8 /* MainStoryboard.storyboard */,
				A9F5D227179B36590018FB60 /* OtAppDelegate.h */,
				A9F5D228179B36590018FB60 /* OtAppDelegate.m */,
				A9B790B117B70E6E00197731 /* libs */,
				A9FA1A2717ADAE33009F63D7 /* utils */,
				A9F5D266179B68140018FB60 /* remote */,
				A9F5D265179B629F0018FB60 /* controller */,
				A9F5D264179B62970018FB60 /* view */,
				A9F5D263179B628F0018FB60 /* model */,
				A9F5D21F179B36590018FB60 /* Supporting Files */,
			);
			path = outagetracker;
			sourceTree = "<group>";
		};
		A9F5D21F179B36590018FB60 /* Supporting Files */ = {
			isa = PBXGroup;
			children = (
				A925DC09179C423B00C04F42 /* images */,
				A9F5D220179B36590018FB60 /* outagetracker-Info.plist */,
				A9F5D221179B36590018FB60 /* InfoPlist.strings */,
				A9F5D224179B36590018FB60 /* main.m */,
				A9F5D226179B36590018FB60 /* outagetracker-Prefix.pch */,
				A9ABE81A17D5090200C33EA8 /* File.strings */,
				A9ABE82217D5102500C33EA8 /* Localizable.strings */,
			);
			name = "Supporting Files";
			sourceTree = "<group>";
		};
		A9F5D249179B36590018FB60 /* outagetrackerTests */ = {
			isa = PBXGroup;
			children = (
				A9F5D24F179B36590018FB60 /* outagetrackerTests.h */,
				A9F5D250179B36590018FB60 /* outagetrackerTests.m */,
				A9F5D24A179B36590018FB60 /* Supporting Files */,
			);
			path = outagetrackerTests;
			sourceTree = "<group>";
		};
		A9F5D24A179B36590018FB60 /* Supporting Files */ = {
			isa = PBXGroup;
			children = (
				A9F5D24B179B36590018FB60 /* outagetrackerTests-Info.plist */,
				A9F5D24C179B36590018FB60 /* InfoPlist.strings */,
			);
			name = "Supporting Files";
			sourceTree = "<group>";
		};
		A9F5D263179B628F0018FB60 /* model */ = {
			isa = PBXGroup;
			children = (
				A9F5D260179B62560018FB60 /* OtOutage.h */,
				A9F5D261179B62560018FB60 /* OtOutage.m */,
			);
			name = model;
			sourceTree = "<group>";
		};
		A9F5D264179B62970018FB60 /* view */ = {
			isa = PBXGroup;
			children = (
				A968C1A817CD25F400723AA3 /* about */,
				A968C1AA17CD262B00723AA3 /* claimdisturbance */,
				A968C1A617CD25DE00723AA3 /* outages */,
				A968C1A717CD25ED00723AA3 /* settings */,
				A968C1AB17CD263D00723AA3 /* sidemenu */,
			);
			name = view;
			sourceTree = "<group>";
		};
		A9F5D265179B629F0018FB60 /* controller */ = {
			isa = PBXGroup;
			children = (
				A9F5D25D179B61810018FB60 /* OtOutageDataCtrl.h */,
				A9F5D25E179B61810018FB60 /* OtOutageDataCtrl.m */,
			);
			name = controller;
			sourceTree = "<group>";
		};
		A9F5D266179B68140018FB60 /* remote */ = {
			isa = PBXGroup;
			children = (
				A9F5D267179B68310018FB60 /* OtOutageClient.h */,
				A9F5D268179B68310018FB60 /* OtOutageClient.m */,
				A9F5D26B179B697F0018FB60 /* OtDummyOutageClient.h */,
				A9F5D26C179B697F0018FB60 /* OtDummyOutageClient.m */,
				A9A95CD817B5E61B005F557D /* OtOutageClientProtocol.h */,
			);
			name = remote;
			sourceTree = "<group>";
		};
		A9FA1A2717ADAE33009F63D7 /* utils */ = {
			isa = PBXGroup;
			children = (
				A9A95C9317B5B685005F557D /* OtConstants.h */,
				A9FA1A2817ADAE56009F63D7 /* OtUtils.h */,
				A9FA1A2917ADAE56009F63D7 /* OtUtils.m */,
			);
			name = utils;
			sourceTree = "<group>";
		};
/* End PBXGroup section */

/* Begin PBXNativeTarget section */
		A9F5D212179B36590018FB60 /* outagetracker */ = {
			isa = PBXNativeTarget;
			buildConfigurationList = A9F5D254179B36590018FB60 /* Build configuration list for PBXNativeTarget "outagetracker" */;
			buildPhases = (
				A9F5D20F179B36590018FB60 /* Sources */,
				A9F5D210179B36590018FB60 /* Frameworks */,
				A9F5D211179B36590018FB60 /* Resources */,
			);
			buildRules = (
			);
			dependencies = (
			);
			name = outagetracker;
			productName = outagetracker;
			productReference = A9F5D213179B36590018FB60 /* Outages.app */;
			productType = "com.apple.product-type.application";
		};
		A9F5D240179B36590018FB60 /* outagetrackerTests */ = {
			isa = PBXNativeTarget;
			buildConfigurationList = A9F5D257179B36590018FB60 /* Build configuration list for PBXNativeTarget "outagetrackerTests" */;
			buildPhases = (
				A9F5D23C179B36590018FB60 /* Sources */,
				A9F5D23D179B36590018FB60 /* Frameworks */,
				A9F5D23E179B36590018FB60 /* Resources */,
				A9F5D23F179B36590018FB60 /* ShellScript */,
			);
			buildRules = (
			);
			dependencies = (
				A9F5D248179B36590018FB60 /* PBXTargetDependency */,
			);
			name = outagetrackerTests;
			productName = outagetrackerTests;
			productReference = A9F5D241179B36590018FB60 /* outagetrackerTests.octest */;
			productType = "com.apple.product-type.bundle";
		};
/* End PBXNativeTarget section */

/* Begin PBXProject section */
		A9F5D20B179B36590018FB60 /* Project object */ = {
			isa = PBXProject;
			attributes = {
				CLASSPREFIX = Ot;
				LastUpgradeCheck = 0460;
				ORGANIZATIONNAME = "Halil AYYILDIZ";
				TargetAttributes = {
					A9F5D212179B36590018FB60 = {
						DevelopmentTeam = VD35DD26UR;
					};
				};
			};
			buildConfigurationList = A9F5D20E179B36590018FB60 /* Build configuration list for PBXProject "outagetracker" */;
			compatibilityVersion = "Xcode 3.2";
			developmentRegion = English;
			hasScannedForEncodings = 0;
			knownRegions = (
				en,
				tr,
				Base,
			);
			mainGroup = A9F5D20A179B36590018FB60;
			productRefGroup = A9F5D214179B36590018FB60 /* Products */;
			projectDirPath = "";
			projectRoot = "";
			targets = (
				A9F5D212179B36590018FB60 /* outagetracker */,
				A9F5D240179B36590018FB60 /* outagetrackerTests */,
			);
		};
/* End PBXProject section */

/* Begin PBXResourcesBuildPhase section */
		A9F5D211179B36590018FB60 /* Resources */ = {
			isa = PBXResourcesBuildPhase;
			buildActionMask = 2147483647;
			files = (
				A9F5D223179B36590018FB60 /* InfoPlist.strings in Resources */,
				A93D2A4817B81DC900B23A2E /* ot-bill-example.png in Resources */,
				A91BDF361810C7F900F4907D /* ot-icon-80.png in Resources */,
				A91BDF371810C7F900F4907D /* ot-icon-120.png in Resources */,
				A92BC33717C9287F00A7016A /* ot-settings-icon.png in Resources */,
				A92BC33817C9287F00A7016A /* ot-settings-icon@2x.png in Resources */,
				A92BC33B17C9291F00A7016A /* ot-outage-icon.png in Resources */,
				A92BC33C17C9291F00A7016A /* ot-outage-icon@2x.png in Resources */,
				A92BC33F17C92CE900A7016A /* ot-about-icon.png in Resources */,
				A92BC34017C92CE900A7016A /* ot-about-icon@2x.png in Resources */,
				A92BC34317C9319300A7016A /* ot-feedback-icon.png in Resources */,
				A92BC34417C9319300A7016A /* ot-feedback-icon@2x.png in Resources */,
				A91BDF3B1810C83B00F4907D /* Default@2x.png in Resources */,
				A91BDF3F1810D9D100F4907D /* house-light-yes.jpg in Resources */,
				A91BDF3A1810C83B00F4907D /* Default-568h@2x.png in Resources */,
				A92BC34717C932D300A7016A /* ot-menu-icon.png in Resources */,
				A92BC34817C932D300A7016A /* ot-menu-icon@2x.png in Resources */,
				A91BDF351810C7F900F4907D /* ot-icon-58.png in Resources */,
				A91BDF3E1810D9D100F4907D /* house-light-no.jpg in Resources */,
				A9ABE81B17D5090200C33EA8 /* File.strings in Resources */,
				A9ABE82017D5102500C33EA8 /* Localizable.strings in Resources */,
				A9ABE85B17D51FEB00C33EA8 /* MainStoryboard.storyboard in Resources */,
			);
			runOnlyForDeploymentPostprocessing = 0;
		};
		A9F5D23E179B36590018FB60 /* Resources */ = {
			isa = PBXResourcesBuildPhase;
			buildActionMask = 2147483647;
			files = (
				A9F5D24E179B36590018FB60 /* InfoPlist.strings in Resources */,
			);
			runOnlyForDeploymentPostprocessing = 0;
		};
/* End PBXResourcesBuildPhase section */

/* Begin PBXShellScriptBuildPhase section */
		A9F5D23F179B36590018FB60 /* ShellScript */ = {
			isa = PBXShellScriptBuildPhase;
			buildActionMask = 2147483647;
			files = (
			);
			inputPaths = (
			);
			outputPaths = (
			);
			runOnlyForDeploymentPostprocessing = 0;
			shellPath = /bin/sh;
			shellScript = "# Run the unit tests in this test bundle.\n\"${SYSTEM_DEVELOPER_DIR}/Tools/RunUnitTests\"\n";
		};
/* End PBXShellScriptBuildPhase section */

/* Begin PBXSourcesBuildPhase section */
		A9F5D20F179B36590018FB60 /* Sources */ = {
			isa = PBXSourcesBuildPhase;
			buildActionMask = 2147483647;
			files = (
				A9F5D225179B36590018FB60 /* main.m in Sources */,
				A9F5D229179B36590018FB60 /* OtAppDelegate.m in Sources */,
				A9F5D238179B36590018FB60 /* OtMasterViewCtrl.m in Sources */,
				A9F5D23B179B36590018FB60 /* OtDetailViewCtrl.m in Sources */,
				A9F5D25F179B61810018FB60 /* OtOutageDataCtrl.m in Sources */,
				A9F5D262179B62560018FB60 /* OtOutage.m in Sources */,
				A9F5D269179B68310018FB60 /* OtOutageClient.m in Sources */,
				A9F5D26D179B697F0018FB60 /* OtDummyOutageClient.m in Sources */,
				A9487B3F17A48036007246E7 /* OtSettingsViewCtrl.m in Sources */,
				A9FA1A2A17ADAE56009F63D7 /* OtUtils.m in Sources */,
				A9FA1A2D17ADB202009F63D7 /* OtMasterViewOutageCell.m in Sources */,
				A9D817F817B6A4CF00D34EFE /* OtWelcomeViewCtrl.m in Sources */,
				A92BC32C17C9013700A7016A /* OtSideMenuViewCtrl.m in Sources */,
				A92BC34B17C93B8200A7016A /* OtSideMenuViewCell.m in Sources */,
				A968C1A517CD195200723AA3 /* OtAboutViewController.m in Sources */,
				A968C1AE17CD30E800723AA3 /* OtClaimDisturbanceViewCtrl.m in Sources */,
				A9A43ED117CD5482006CF400 /* OtLanguageViewCtrl.m in Sources */,
				A9ABE84717D5112C00C33EA8 /* AFHTTPClient.m in Sources */,
				A9ABE84817D5112C00C33EA8 /* AFHTTPRequestOperation.m in Sources */,
				A9ABE84917D5112C00C33EA8 /* AFImageRequestOperation.m in Sources */,
				A9ABE84A17D5112C00C33EA8 /* AFJSONRequestOperation.m in Sources */,
				A9ABE84B17D5112C00C33EA8 /* AFNetworkActivityIndicatorManager.m in Sources */,
				A9ABE84C17D5112C00C33EA8 /* AFPropertyListRequestOperation.m in Sources */,
				A9ABE84D17D5112C00C33EA8 /* AFURLConnectionOperation.m in Sources */,
				A9ABE84E17D5112C00C33EA8 /* AFXMLRequestOperation.m in Sources */,
				A9ABE84F17D5112C00C33EA8 /* UIImageView+AFNetworking.m in Sources */,
				A9ABE85017D5112C00C33EA8 /* LocalizationSystem.m in Sources */,
				A9ABE85117D5112C00C33EA8 /* MBProgressHUD.m in Sources */,
				A9ABE85217D5112C00C33EA8 /* MFSideMenuContainerViewController.m in Sources */,
				A9ABE85317D5112C00C33EA8 /* MFSideMenuShadow.m in Sources */,
				A9ABE85417D5112C00C33EA8 /* UIViewController+MFSideMenuAdditions.m in Sources */,
			);
			runOnlyForDeploymentPostprocessing = 0;
		};
		A9F5D23C179B36590018FB60 /* Sources */ = {
			isa = PBXSourcesBuildPhase;
			buildActionMask = 2147483647;
			files = (
				A9F5D251179B36590018FB60 /* outagetrackerTests.m in Sources */,
			);
			runOnlyForDeploymentPostprocessing = 0;
		};
/* End PBXSourcesBuildPhase section */

/* Begin PBXTargetDependency section */
		A9F5D248179B36590018FB60 /* PBXTargetDependency */ = {
			isa = PBXTargetDependency;
			target = A9F5D212179B36590018FB60 /* outagetracker */;
			targetProxy = A9F5D247179B36590018FB60 /* PBXContainerItemProxy */;
		};
/* End PBXTargetDependency section */

/* Begin PBXVariantGroup section */
		A9ABE82217D5102500C33EA8 /* Localizable.strings */ = {
			isa = PBXVariantGroup;
			children = (
				A9ABE82117D5102500C33EA8 /* tr */,
				A9ABE82317D5102A00C33EA8 /* en */,
			);
			name = Localizable.strings;
			sourceTree = "<group>";
		};
		A9F5D221179B36590018FB60 /* InfoPlist.strings */ = {
			isa = PBXVariantGroup;
			children = (
				A9F5D222179B36590018FB60 /* en */,
				A9ABE81C17D5095B00C33EA8 /* tr */,
			);
			name = InfoPlist.strings;
			sourceTree = "<group>";
		};
		A9F5D24C179B36590018FB60 /* InfoPlist.strings */ = {
			isa = PBXVariantGroup;
			children = (
				A9F5D24D179B36590018FB60 /* en */,
				A9ABE81D17D5095B00C33EA8 /* tr */,
			);
			name = InfoPlist.strings;
			sourceTree = "<group>";
		};
/* End PBXVariantGroup section */

/* Begin XCBuildConfiguration section */
		A9F5D252179B36590018FB60 /* Debug */ = {
			isa = XCBuildConfiguration;
			buildSettings = {
				ALWAYS_SEARCH_USER_PATHS = NO;
				CLANG_CXX_LANGUAGE_STANDARD = "gnu++0x";
				CLANG_CXX_LIBRARY = "libc++";
				CLANG_ENABLE_OBJC_ARC = YES;
				CLANG_WARN_CONSTANT_CONVERSION = YES;
				CLANG_WARN_EMPTY_BODY = YES;
				CLANG_WARN_ENUM_CONVERSION = YES;
				CLANG_WARN_INT_CONVERSION = YES;
				CLANG_WARN__DUPLICATE_METHOD_MATCH = YES;
				"CODE_SIGN_IDENTITY[sdk=iphoneos*]" = "iPhone Developer";
				COPY_PHASE_STRIP = NO;
				GCC_C_LANGUAGE_STANDARD = gnu99;
				GCC_DYNAMIC_NO_PIC = NO;
				GCC_OPTIMIZATION_LEVEL = 0;
				GCC_PREPROCESSOR_DEFINITIONS = (
					"DEBUG=1",
					"$(inherited)",
				);
				GCC_SYMBOLS_PRIVATE_EXTERN = NO;
				GCC_WARN_ABOUT_RETURN_TYPE = YES;
				GCC_WARN_UNINITIALIZED_AUTOS = YES;
				GCC_WARN_UNUSED_VARIABLE = YES;
				IPHONEOS_DEPLOYMENT_TARGET = 6.1;
				ONLY_ACTIVE_ARCH = YES;
				SDKROOT = iphoneos;
			};
			name = Debug;
		};
		A9F5D253179B36590018FB60 /* Release */ = {
			isa = XCBuildConfiguration;
			buildSettings = {
				ALWAYS_SEARCH_USER_PATHS = NO;
				CLANG_CXX_LANGUAGE_STANDARD = "gnu++0x";
				CLANG_CXX_LIBRARY = "libc++";
				CLANG_ENABLE_OBJC_ARC = YES;
				CLANG_WARN_CONSTANT_CONVERSION = YES;
				CLANG_WARN_EMPTY_BODY = YES;
				CLANG_WARN_ENUM_CONVERSION = YES;
				CLANG_WARN_INT_CONVERSION = YES;
				CLANG_WARN__DUPLICATE_METHOD_MATCH = YES;
				"CODE_SIGN_IDENTITY[sdk=iphoneos*]" = "iPhone Developer";
				COPY_PHASE_STRIP = YES;
				GCC_C_LANGUAGE_STANDARD = gnu99;
				GCC_WARN_ABOUT_RETURN_TYPE = YES;
				GCC_WARN_UNINITIALIZED_AUTOS = YES;
				GCC_WARN_UNUSED_VARIABLE = YES;
				IPHONEOS_DEPLOYMENT_TARGET = 6.1;
				OTHER_CFLAGS = "-DNS_BLOCK_ASSERTIONS=1";
				SDKROOT = iphoneos;
				VALIDATE_PRODUCT = YES;
			};
			name = Release;
		};
		A9F5D255179B36590018FB60 /* Debug */ = {
			isa = XCBuildConfiguration;
			buildSettings = {
				CODE_SIGN_IDENTITY = "iPhone Developer";
				GCC_PRECOMPILE_PREFIX_HEADER = YES;
				GCC_PREFIX_HEADER = "outagetracker/outagetracker-Prefix.pch";
				INFOPLIST_FILE = "outagetracker/outagetracker-Info.plist";
				IPHONEOS_DEPLOYMENT_TARGET = 7.0;
				PRODUCT_NAME = Outages;
				WRAPPER_EXTENSION = app;
			};
			name = Debug;
		};
		A9F5D256179B36590018FB60 /* Release */ = {
			isa = XCBuildConfiguration;
			buildSettings = {
				CODE_SIGN_IDENTITY = "iPhone Developer";
				GCC_PRECOMPILE_PREFIX_HEADER = YES;
				GCC_PREFIX_HEADER = "outagetracker/outagetracker-Prefix.pch";
				INFOPLIST_FILE = "outagetracker/outagetracker-Info.plist";
				IPHONEOS_DEPLOYMENT_TARGET = 7.0;
				PRODUCT_NAME = Outages;
				WRAPPER_EXTENSION = app;
			};
			name = Release;
		};
		A9F5D258179B36590018FB60 /* Debug */ = {
			isa = XCBuildConfiguration;
			buildSettings = {
				BUNDLE_LOADER = "$(BUILT_PRODUCTS_DIR)/outagetracker.app/outagetracker";
				FRAMEWORK_SEARCH_PATHS = (
					"\"$(SDKROOT)/Developer/Library/Frameworks\"",
					"\"$(DEVELOPER_LIBRARY_DIR)/Frameworks\"",
				);
				GCC_PRECOMPILE_PREFIX_HEADER = YES;
				GCC_PREFIX_HEADER = "outagetracker/outagetracker-Prefix.pch";
				INFOPLIST_FILE = "outagetrackerTests/outagetrackerTests-Info.plist";
				PRODUCT_NAME = "$(TARGET_NAME)";
				TEST_HOST = "$(BUNDLE_LOADER)";
				WRAPPER_EXTENSION = octest;
			};
			name = Debug;
		};
		A9F5D259179B36590018FB60 /* Release */ = {
			isa = XCBuildConfiguration;
			buildSettings = {
				BUNDLE_LOADER = "$(BUILT_PRODUCTS_DIR)/outagetracker.app/outagetracker";
				FRAMEWORK_SEARCH_PATHS = (
					"\"$(SDKROOT)/Developer/Library/Frameworks\"",
					"\"$(DEVELOPER_LIBRARY_DIR)/Frameworks\"",
				);
				GCC_PRECOMPILE_PREFIX_HEADER = YES;
				GCC_PREFIX_HEADER = "outagetracker/outagetracker-Prefix.pch";
				INFOPLIST_FILE = "outagetrackerTests/outagetrackerTests-Info.plist";
				PRODUCT_NAME = "$(TARGET_NAME)";
				TEST_HOST = "$(BUNDLE_LOADER)";
				WRAPPER_EXTENSION = octest;
			};
			name = Release;
		};
/* End XCBuildConfiguration section */

/* Begin XCConfigurationList section */
		A9F5D20E179B36590018FB60 /* Build configuration list for PBXProject "outagetracker" */ = {
			isa = XCConfigurationList;
			buildConfigurations = (
				A9F5D252179B36590018FB60 /* Debug */,
				A9F5D253179B36590018FB60 /* Release */,
			);
			defaultConfigurationIsVisible = 0;
			defaultConfigurationName = Release;
		};
		A9F5D254179B36590018FB60 /* Build configuration list for PBXNativeTarget "outagetracker" */ = {
			isa = XCConfigurationList;
			buildConfigurations = (
				A9F5D255179B36590018FB60 /* Debug */,
				A9F5D256179B36590018FB60 /* Release */,
			);
			defaultConfigurationIsVisible = 0;
			defaultConfigurationName = Release;
		};
		A9F5D257179B36590018FB60 /* Build configuration list for PBXNativeTarget "outagetrackerTests" */ = {
			isa = XCConfigurationList;
			buildConfigurations = (
				A9F5D258179B36590018FB60 /* Debug */,
				A9F5D259179B36590018FB60 /* Release */,
			);
			defaultConfigurationIsVisible = 0;
			defaultConfigurationName = Release;
		};
/* End XCConfigurationList section */
	};
	rootObject = A9F5D20B179B36590018FB60 /* Project object */;
}
